github.com/go-ego/gse v1.0.0 h1:GNbtH1WP7Yd1VvCZ85fIK6eVEe7RctmgmnwliEPUMNA=
github.com/go-ego/gse v1.0.0/go.mod h1:Gt3A9Ry1Eso2Kza4MRaiZ7f2DTAvActmETY46Lxg0gU=
github.com/vcaesar/cedar v0.20.2 h1:TDx7AdZhilKcfE1WvdToTJf5VrC/FXcUOW+KY1upLZ4=
github.com/vcaesar/cedar v0.20.2/go.mod h1:lyuGvALuZZDPNXwpzv/9LyxW+8Y6faN7zauFezNsnik=
